
Microsoft Visual Studio Solution File, Format Version 12.00
# Visual Studio Version 16
VisualStudioVersion = 16.0.32929.386
MinimumVisualStudioVersion = 10.0.40219.1
Project("{FAE04EC0-301F-11D3-BF4B-00C04F79EFBC}") = "test", "test\test.csproj", "{87EF8804-EA1B-45F8-8A27-701C0D7CAA5F}"
EndProject
Global
	GlobalSection(SolutionConfigurationPlatforms) = preSolution
		Debug|Any CPU = Debug|Any CPU
		Release|Any CPU = Release|Any CPU
	EndGlobalSection
	GlobalSection(ProjectConfigurationPlatforms) = postSolution
		{87EF8804-EA1B-45F8-8A27-701C0D7CAA5F}.Debug|Any CPU.ActiveCfg = Debug|Any CPU
		{87EF8804-EA1B-45F8-8A27-701C0D7CAA5F}.Debug|Any CPU.Build.0 = Debug|Any CPU
		{87EF8804-EA1B-45F8-8A27-701C0D7CAA5F}.Release|Any CPU.ActiveCfg = Release|Any CPU
		{87EF8804-EA1B-45F8-8A27-701C0D7CAA5F}.Release|Any CPU.Build.0 = Release|Any CPU
	EndGlobalSection
	GlobalSection(SolutionProperties) = preSolution
		HideSolutionNode = FALSE
	EndGlobalSection
	GlobalSection(ExtensibilityGlobals) = postSolution
		SolutionGuid = {6481A829-8FB2-43AB-B5F6-DCC922F457B1}
	EndGlobalSection
EndGlobal
